
Microsoft Visual Studio Solution File, Format Version 12.00
# Visual Studio Version 17
VisualStudioVersion = 17.1.32210.238
MinimumVisualStudioVersion = 10.0.40219.1
Project("{FAE04EC0-301F-11D3-BF4B-00C04F79EFBC}") = "KASIR", "KASIR\KASIR.csproj", "{149B93A8-6544-435C-B7EF-9F5E672B9798}"
EndProject
Global
	GlobalSection(SolutionConfigurationPlatforms) = preSolution
		Debug|Any CPU = Debug|Any CPU
		Release|Any CPU = Release|Any CPU
	EndGlobalSection
	GlobalSection(ProjectConfigurationPlatforms) = postSolution
		{149B93A8-6544-435C-B7EF-9F5E672B9798}.Debug|Any CPU.ActiveCfg = Debug|Any CPU
		{149B93A8-6544-435C-B7EF-9F5E672B9798}.Debug|Any CPU.Build.0 = Debug|Any CPU
		{149B93A8-6544-435C-B7EF-9F5E672B9798}.Release|Any CPU.ActiveCfg = Release|Any CPU
		{149B93A8-6544-435C-B7EF-9F5E672B9798}.Release|Any CPU.Build.0 = Release|Any CPU
	EndGlobalSection
	GlobalSection(SolutionProperties) = preSolution
		HideSolutionNode = FALSE
	EndGlobalSection
	GlobalSection(ExtensibilityGlobals) = postSolution
		SolutionGuid = {3C0BC88A-E1BF-4824-8EDB-C9B00681C4DF}
	EndGlobalSection
EndGlobal
